// !$*UTF8*$!
{
	archiveVersion = 1;
	classes = {
	};
	objectVersion = 50;
	objects = {

/* Begin PBXBuildFile section */
		59A9A2B3264E8A3500D3D953 /* AppDelegate.swift in Sources */ = {isa = PBXBuildFile; fileRef = 59A9A2B2264E8A3500D3D953 /* AppDelegate.swift */; };
		59A9A2B5264E8A3500D3D953 /* SceneDelegate.swift in Sources */ = {isa = PBXBuildFile; fileRef = 59A9A2B4264E8A3500D3D953 /* SceneDelegate.swift */; };
		59A9A2B7264E8A3600D3D953 /* ViewController.swift in Sources */ = {isa = PBXBuildFile; fileRef = 59A9A2B6264E8A3600D3D953 /* ViewController.swift */; };
		59A9A2BA264E8A3600D3D953 /* Main.storyboard in Resources */ = {isa = PBXBuildFile; fileRef = 59A9A2B8264E8A3600D3D953 /* Main.storyboard */; };
		59A9A2BC264E8A3A00D3D953 /* Assets.xcassets in Resources */ = {isa = PBXBuildFile; fileRef = 59A9A2BB264E8A3A00D3D953 /* Assets.xcassets */; };
		59A9A2BF264E8A3A00D3D953 /* LaunchScreen.storyboard in Resources */ = {isa = PBXBuildFile; fileRef = 59A9A2BD264E8A3A00D3D953 /* LaunchScreen.storyboard */; };
/* End PBXBuildFile section */

/* Begin PBXFileReference section */
		59A9A2AF264E8A3500D3D953 /* ScoutsAttendance.app */ = {isa = PBXFileReference; explicitFileType = wrapper.application; includeInIndex = 0; path = ScoutsAttendance.app; sourceTree = BUILT_PRODUCTS_DIR; };
		59A9A2B2264E8A3500D3D953 /* AppDelegate.swift */ = {isa = PBXFileReference; lastKnownFileType = sourcecode.swift; path = AppDelegate.swift; sourceTree = "<group>"; };
		59A9A2B4264E8A3500D3D953 /* SceneDelegate.swift */ = {isa = PBXFileReference; lastKnownFileType = sourcecode.swift; path = SceneDelegate.swift; sourceTree = "<group>"; };
		59A9A2B6264E8A3600D3D953 /* ViewController.swift */ = {isa = PBXFileReference; lastKnownFileType = sourcecode.swift; path = ViewController.swift; sourceTree = "<group>"; };
		59A9A2B9264E8A3600D3D953 /* Base */ = {isa = PBXFileReference; lastKnownFileType = file.storyboard; name = Base; path = Base.lproj/Main.storyboard; sourceTree = "<group>"; };
		59A9A2BB264E8A3A00D3D953 /* Assets.xcassets */ = {isa = PBXFileReference; lastKnownFileType = folder.assetcatalog; path = Assets.xcassets; sourceTree = "<group>"; };
		59A9A2BE264E8A3A00D3D953 /* Base */ = {isa = PBXFileReference; lastKnownFileType = file.storyboard; name = Base; path = Base.lproj/LaunchScreen.storyboard; sourceTree = "<group>"; };
		59A9A2C0264E8A3A00D3D953 /* Info.plist */ = {isa = PBXFileReference; lastKnownFileType = text.plist.xml; path = Info.plist; sourceTree = "<group>"; };
/* End PBXFileReference section */

/* Begin PBXFrameworksBuildPhase section */
		59A9A2AC264E8A3500D3D953 /* Frameworks */ = {
			isa = PBXFrameworksBuildPhase;
			buildActionMask = 2147483647;
			files = (
			);
			runOnlyForDeploymentPostprocessing = 0;
		};
/* End PBXFrameworksBuildPhase section */

/* Begin PBXGroup section */
		59A9A2A6264E8A3500D3D953 = {
			isa = PBXGroup;
			children = (
				59A9A2B1264E8A3500D3D953 /* ScoutsAttendance */,
				59A9A2B0264E8A3500D3D953 /* Products */,
			);
			sourceTree = "<group>";
		};
		59A9A2B0264E8A3500D3D953 /* Products */ = {
			isa = PBXGroup;
			children = (
				59A9A2AF264E8A3500D3D953 /* ScoutsAttendance.app */,
			);
			name = Products;
			sourceTree = "<group>";
		};
		59A9A2B1264E8A3500D3D953 /* ScoutsAttendance */ = {
			isa = PBXGroup;
			children = (
				59A9A2B2264E8A3500D3D953 /* AppDelegate.swift */,
				59A9A2B4264E8A3500D3D953 /* SceneDelegate.swift */,
				59A9A2B6264E8A3600D3D953 /* ViewController.swift */,
				59A9A2B8264E8A3600D3D953 /* Main.storyboard */,
				59A9A2BB264E8A3A00D3D953 /* Assets.xcassets */,
				59A9A2BD264E8A3A00D3D953 /* LaunchScreen.storyboard */,
				59A9A2C0264E8A3A00D3D953 /* Info.plist */,
			);
			path = ScoutsAttendance;
			sourceTree = "<group>";
		};
/* End PBXGroup section */

/* Begin PBXNativeTarget section */
		59A9A2AE264E8A3500D3D953 /* ScoutsAttendance */ = {
			isa = PBXNativeTarget;
			buildConfigurationList = 59A9A2C3264E8A3A00D3D953 /* Build configuration list for PBXNativeTarget "ScoutsAttendance" */;
			buildPhases = (
				59A9A2AB264E8A3500D3D953 /* Sources */,
				59A9A2AC264E8A3500D3D953 /* Frameworks */,
				59A9A2AD264E8A3500D3D953 /* Resources */,
			);
			buildRules = (
			);
			dependencies = (
			);
			name = ScoutsAttendance;
			productName = ScoutsAttendance;
			productReference = 59A9A2AF264E8A3500D3D953 /* ScoutsAttendance.app */;
			productType = "com.apple.product-type.application";
		};
/* End PBXNativeTarget section */

/* Begin PBXProject section */
		59A9A2A7264E8A3500D3D953 /* Project object */ = {
			isa = PBXProject;
			attributes = {
				LastSwiftUpdateCheck = 1230;
				LastUpgradeCheck = 1230;
				TargetAttributes = {
					59A9A2AE264E8A3500D3D953 = {
						CreatedOnToolsVersion = 12.3;
					};
				};
			};
			buildConfigurationList = 59A9A2AA264E8A3500D3D953 /* Build configuration list for PBXProject "ScoutsAttendance" */;
			compatibilityVersion = "Xcode 9.3";
			developmentRegion = en;
			hasScannedForEncodings = 0;
			knownRegions = (
				en,
				Base,
			);
			mainGroup = 59A9A2A6264E8A3500D3D953;
			productRefGroup = 59A9A2B0264E8A3500D3D953 /* Products */;
			projectDirPath = "";
			projectRoot = "";
			targets = (
				59A9A2AE264E8A3500D3D953 /* ScoutsAttendance */,
			);
		};
/* End PBXProject section */

/* Begin PBXResourcesBuildPhase section */
		59A9A2AD264E8A3500D3D953 /* Resources */ = {
			isa = PBXResourcesBuildPhase;
			buildActionMask = 2147483647;
			files = (
				59A9A2BF264E8A3A00D3D953 /* LaunchScreen.storyboard in Resources */,
				59A9A2BC264E8A3A00D3D953 /* Assets.xcassets in Resources */,
				59A9A2BA264E8A3600D3D953 /* Main.storyboard in Resources */,
			);
			runOnlyForDeploymentPostprocessing = 0;
		};
/* End PBXResourcesBuildPhase section */

/* Begin PBXSourcesBuildPhase section */
		59A9A2AB264E8A3500D3D953 /* Sources */ = {
			isa = PBXSourcesBuildPhase;
			buildActionMask = 2147483647;
			files = (
				59A9A2B7264E8A3600D3D953 /* ViewController.swift in Sources */,
				59A9A2B3264E8A3500D3D953 /* AppDelegate.swift in Sources */,
				59A9A2B5264E8A3500D3D953 /* SceneDelegate.swift in Sources */,
			);
			runOnlyForDeploymentPostprocessing = 0;
		};
/* End PBXSourcesBuildPhase section */

/* Begin PBXVariantGroup section */
		59A9A2B8264E8A3600D3D953 /* Main.storyboard */ = {
			isa = PBXVariantGroup;
			children = (
				59A9A2B9264E8A3600D3D953 /* Base */,
			);
			name = Main.storyboard;
			sourceTree = "<group>";
		};
		59A9A2BD264E8A3A00D3D953 /* LaunchScreen.storyboard */ = {
			isa = PBXVariantGroup;
			children = (
				59A9A2BE264E8A3A00D3D953 /* Base */,
			);
			name = LaunchScreen.storyboard;
			sourceTree = "<group>";
		};
/* End PBXVariantGroup section */

/* Begin XCBuildConfiguration section */
		59A9A2C1264E8A3A00D3D953 /* Debug */ = {
			isa = XCBuildConfiguration;
			buildSettings = {
				ALWAYS_SEARCH_USER_PATHS = NO;
				CLANG_ANALYZER_NONNULL = YES;
				CLANG_ANALYZER_NUMBER_OBJECT_CONVERSION = YES_AGGRESSIVE;
				CLANG_CXX_LANGUAGE_STANDARD = "gnu++14";
				CLANG_CXX_LIBRARY = "libc++";
				CLANG_ENABLE_MODULES = YES;
				CLANG_ENABLE_OBJC_ARC = YES;
				CLANG_ENABLE_OBJC_WEAK = YES;
				CLANG_WARN_BLOCK_CAPTURE_AUTORELEASING = YES;
				CLANG_WARN_BOOL_CONVERSION = YES;
				CLANG_WARN_COMMA = YES;
				CLANG_WARN_CONSTANT_CONVERSION = YES;
				CLANG_WARN_DEPRECATED_OBJC_IMPLEMENTATIONS = YES;
				CLANG_WARN_DIRECT_OBJC_ISA_USAGE = YES_ERROR;
				CLANG_WARN_DOCUMENTATION_COMMENTS = YES;
				CLANG_WARN_EMPTY_BODY = YES;
				CLANG_WARN_ENUM_CONVERSION = YES;
				CLANG_WARN_INFINITE_RECURSION = YES;
				CLANG_WARN_INT_CONVERSION = YES;
				CLANG_WARN_NON_LITERAL_NULL_CONVERSION = YES;
				CLANG_WARN_OBJC_IMPLICIT_RETAIN_SELF = YES;
				CLANG_WARN_OBJC_LITERAL_CONVERSION = YES;
				CLANG_WARN_OBJC_ROOT_CLASS = YES_ERROR;
				CLANG_WARN_QUOTED_INCLUDE_IN_FRAMEWORK_HEADER = YES;
				CLANG_WARN_RANGE_LOOP_ANALYSIS = YES;
				CLANG_WARN_STRICT_PROTOTYPES = YES;
				CLANG_WARN_SUSPICIOUS_MOVE = YES;
				CLANG_WARN_UNGUARDED_AVAILABILITY = YES_AGGRESSIVE;
				CLANG_WARN_UNREACHABLE_CODE = YES;
				CLANG_WARN__DUPLICATE_METHOD_MATCH = YES;
				COPY_PHASE_STRIP = NO;
				DEBUG_INFORMATION_FORMAT = dwarf;
				ENABLE_STRICT_OBJC_MSGSEND = YES;
				ENABLE_TESTABILITY = YES;
				GCC_C_LANGUAGE_STANDARD = gnu11;
				GCC_DYNAMIC_NO_PIC = NO;
				GCC_NO_COMMON_BLOCKS = YES;
				GCC_OPTIMIZATION_LEVEL = 0;
				GCC_PREPROCESSOR_DEFINITIONS = (
					"DEBUG=1",
					"$(inherited)",
				);
				GCC_WARN_64_TO_32_BIT_CONVERSION = YES;
				GCC_WARN_ABOUT_RETURN_TYPE = YES_ERROR;
				GCC_WARN_UNDECLARED_SELECTOR = YES;
				GCC_WARN_UNINITIALIZED_AUTOS = YES_AGGRESSIVE;
				GCC_WARN_UNUSED_FUNCTION = YES;
				GCC_WARN_UNUSED_VARIABLE = YES;
				IPHONEOS_DEPLOYMENT_TARGET = 14.3;
				MTL_ENABLE_DEBUG_INFO = INCLUDE_SOURCE;
				MTL_FAST_MATH = YES;
				ONLY_ACTIVE_ARCH = YES;
				SDKROOT = iphoneos;
				SWIFT_ACTIVE_COMPILATION_CONDITIONS = DEBUG;
				SWIFT_OPTIMIZATION_LEVEL = "-Onone";
			};
			name = Debug;
		};
		59A9A2C2264E8A3A00D3D953 /* Release */ = {
			isa = XCBuildConfiguration;
			buildSettings = {
				ALWAYS_SEARCH_USER_PATHS = NO;
				CLANG_ANALYZER_NONNULL = YES;
				CLANG_ANALYZER_NUMBER_OBJECT_CONVERSION = YES_AGGRESSIVE;
				CLANG_CXX_LANGUAGE_STANDARD = "gnu++14";
				CLANG_CXX_LIBRARY = "libc++";
				CLANG_ENABLE_MODULES = YES;
				CLANG_ENABLE_OBJC_ARC = YES;
				CLANG_ENABLE_OBJC_WEAK = YES;
				CLANG_WARN_BLOCK_CAPTURE_AUTORELEASING = YES;
				CLANG_WARN_BOOL_CONVERSION = YES;
				CLANG_WARN_COMMA = YES;
				CLANG_WARN_CONSTANT_CONVERSION = YES;
				CLANG_WARN_DEPRECATED_OBJC_IMPLEMENTATIONS = YES;
				CLANG_WARN_DIRECT_OBJC_ISA_USAGE = YES_ERROR;
				CLANG_WARN_DOCUMENTATION_COMMENTS = YES;
				CLANG_WARN_EMPTY_BODY = YES;
				CLANG_WARN_ENUM_CONVERSION = YES;
				CLANG_WARN_INFINITE_RECURSION = YES;
				CLANG_WARN_INT_CONVERSION = YES;
				CLANG_WARN_NON_LITERAL_NULL_CONVERSION = YES;
				CLANG_WARN_OBJC_IMPLICIT_RETAIN_SELF = YES;
				CLANG_WARN_OBJC_LITERAL_CONVERSION = YES;
				CLANG_WARN_OBJC_ROOT_CLASS = YES_ERROR;
				CLANG_WARN_QUOTED_INCLUDE_IN_FRAMEWORK_HEADER = YES;
				CLANG_WARN_RANGE_LOOP_ANALYSIS = YES;
				CLANG_WARN_STRICT_PROTOTYPES = YES;
				CLANG_WARN_SUSPICIOUS_MOVE = YES;
				CLANG_WARN_UNGUARDED_AVAILABILITY = YES_AGGRESSIVE;
				CLANG_WARN_UNREACHABLE_CODE = YES;
				CLANG_WARN__DUPLICATE_METHOD_MATCH = YES;
				COPY_PHASE_STRIP = NO;
				DEBUG_INFORMATION_FORMAT = "dwarf-with-dsym";
				ENABLE_NS_ASSERTIONS = NO;
				ENABLE_STRICT_OBJC_MSGSEND = YES;
				GCC_C_LANGUAGE_STANDARD = gnu11;
				GCC_NO_COMMON_BLOCKS = YES;
				GCC_WARN_64_TO_32_BIT_CONVERSION = YES;
				GCC_WARN_ABOUT_RETURN_TYPE = YES_ERROR;
				GCC_WARN_UNDECLARED_SELECTOR = YES;
				GCC_WARN_UNINITIALIZED_AUTOS = YES_AGGRESSIVE;
				GCC_WARN_UNUSED_FUNCTION = YES;
				GCC_WARN_UNUSED_VARIABLE = YES;
				IPHONEOS_DEPLOYMENT_TARGET = 14.3;
				MTL_ENABLE_DEBUG_INFO = NO;
				MTL_FAST_MATH = YES;
				SDKROOT = iphoneos;
				SWIFT_COMPILATION_MODE = wholemodule;
				SWIFT_OPTIMIZATION_LEVEL = "-O";
				VALIDATE_PRODUCT = YES;
			};
			name = Release;
		};
		59A9A2C4264E8A3A00D3D953 /* Debug */ = {
			isa = XCBuildConfiguration;
			buildSettings = {
				ASSETCATALOG_COMPILER_APPICON_NAME = AppIcon;
				ASSETCATALOG_COMPILER_GLOBAL_ACCENT_COLOR_NAME = AccentColor;
				CODE_SIGN_STYLE = Automatic;
				INFOPLIST_FILE = ScoutsAttendance/Info.plist;
				LD_RUNPATH_SEARCH_PATHS = (
					"$(inherited)",
					"@executable_path/Frameworks",
				);
				PRODUCT_BUNDLE_IDENTIFIER = ethanchew.ScoutsAttendance;
				PRODUCT_NAME = "$(TARGET_NAME)";
				SWIFT_VERSION = 5.0;
				TARGETED_DEVICE_FAMILY = "1,2";
			};
			name = Debug;
		};
		59A9A2C5264E8A3A00D3D953 /* Release */ = {
			isa = XCBuildConfiguration;
			buildSettings = {
				ASSETCATALOG_COMPILER_APPICON_NAME = AppIcon;
				ASSETCATALOG_COMPILER_GLOBAL_ACCENT_COLOR_NAME = AccentColor;
				CODE_SIGN_STYLE = Automatic;
				INFOPLIST_FILE = ScoutsAttendance/Info.plist;
				LD_RUNPATH_SEARCH_PATHS = (
					"$(inherited)",
					"@executable_path/Frameworks",
				);
				PRODUCT_BUNDLE_IDENTIFIER = ethanchew.ScoutsAttendance;
				PRODUCT_NAME = "$(TARGET_NAME)";
				SWIFT_VERSION = 5.0;
				TARGETED_DEVICE_FAMILY = "1,2";
			};
			name = Release;
		};
/* End XCBuildConfiguration section */

/* Begin XCConfigurationList section */
		59A9A2AA264E8A3500D3D953 /* Build configuration list for PBXProject "ScoutsAttendance" */ = {
			isa = XCConfigurationList;
			buildConfigurations = (
				59A9A2C1264E8A3A00D3D953 /* Debug */,
				59A9A2C2264E8A3A00D3D953 /* Release */,
			);
			defaultConfigurationIsVisible = 0;
			defaultConfigurationName = Release;
		};
		59A9A2C3264E8A3A00D3D953 /* Build configuration list for PBXNativeTarget "ScoutsAttendance" */ = {
			isa = XCConfigurationList;
			buildConfigurations = (
				59A9A2C4264E8A3A00D3D953 /* Debug */,
				59A9A2C5264E8A3A00D3D953 /* Release */,
			);
			defaultConfigurationIsVisible = 0;
			defaultConfigurationName = Release;
		};
/* End XCConfigurationList section */
	};
	rootObject = 59A9A2A7264E8A3500D3D953 /* Project object */;
}
